
Microsoft Visual Studio Solution File, Format Version 12.00
# Visual Studio Version 17
VisualStudioVersion = 17.7.34031.279
MinimumVisualStudioVersion = 10.0.40219.1
Project("{FAE04EC0-301F-11D3-BF4B-00C04F79EFBC}") = "chess", "chess\chess.csproj", "{9092E71E-B983-466F-8EE3-C35453930BED}"
EndProject
Global
	GlobalSection(SolutionConfigurationPlatforms) = preSolution
		Debug|Any CPU = Debug|Any CPU
		Release|Any CPU = Release|Any CPU
	EndGlobalSection
	GlobalSection(ProjectConfigurationPlatforms) = postSolution
		{9092E71E-B983-466F-8EE3-C35453930BED}.Debug|Any CPU.ActiveCfg = Debug|Any CPU
		{9092E71E-B983-466F-8EE3-C35453930BED}.Debug|Any CPU.Build.0 = Debug|Any CPU
		{9092E71E-B983-466F-8EE3-C35453930BED}.Release|Any CPU.ActiveCfg = Release|Any CPU
		{9092E71E-B983-466F-8EE3-C35453930BED}.Release|Any CPU.Build.0 = Release|Any CPU
	EndGlobalSection
	GlobalSection(SolutionProperties) = preSolution
		HideSolutionNode = FALSE
	EndGlobalSection
	GlobalSection(ExtensibilityGlobals) = postSolution
		SolutionGuid = {A942A43E-150D-4FF3-A616-856ED6DF15A4}
	EndGlobalSection
EndGlobal
